
Microsoft Visual Studio Solution File, Format Version 12.00
# Visual Studio Version 17
VisualStudioVersion = 17.0.32126.317
MinimumVisualStudioVersion = 10.0.40219.1
Project("{FAE04EC0-301F-11D3-BF4B-00C04F79EFBC}") = "CheckToAim", "CheckToAim\CheckToAim.csproj", "{25611103-584C-44AD-99C2-BCC64358AC25}"
EndProject
Global
	GlobalSection(SolutionConfigurationPlatforms) = preSolution
		Debug|Any CPU = Debug|Any CPU
		Release|Any CPU = Release|Any CPU
	EndGlobalSection
	GlobalSection(ProjectConfigurationPlatforms) = postSolution
		{25611103-584C-44AD-99C2-BCC64358AC25}.Debug|Any CPU.ActiveCfg = Debug|Any CPU
		{25611103-584C-44AD-99C2-BCC64358AC25}.Debug|Any CPU.Build.0 = Debug|Any CPU
		{25611103-584C-44AD-99C2-BCC64358AC25}.Release|Any CPU.ActiveCfg = Release|Any CPU
		{25611103-584C-44AD-99C2-BCC64358AC25}.Release|Any CPU.Build.0 = Release|Any CPU
	EndGlobalSection
	GlobalSection(SolutionProperties) = preSolution
		HideSolutionNode = FALSE
	EndGlobalSection
	GlobalSection(ExtensibilityGlobals) = postSolution
		SolutionGuid = {A4FDEC38-EDE0-4840-A562-526C59BCC904}
	EndGlobalSection
EndGlobal
